
Microsoft Visual Studio Solution File, Format Version 12.00
Project("{FAE04EC0-301F-11D3-BF4B-00C04F79EFBC}") = "MauiSourceGenRelativeSource", "MauiSourceGenRelativeSource\MauiSourceGenRelativeSource.csproj", "{CAA1EF60-254B-40ED-9BA2-113F098B3EFA}"
EndProject
Global
	GlobalSection(SolutionConfigurationPlatforms) = preSolution
		Debug|Any CPU = Debug|Any CPU
		Release|Any CPU = Release|Any CPU
	EndGlobalSection
	GlobalSection(ProjectConfigurationPlatforms) = postSolution
		{CAA1EF60-254B-40ED-9BA2-113F098B3EFA}.Debug|Any CPU.ActiveCfg = Debug|Any CPU
		{CAA1EF60-254B-40ED-9BA2-113F098B3EFA}.Debug|Any CPU.Build.0 = Debug|Any CPU
		{CAA1EF60-254B-40ED-9BA2-113F098B3EFA}.Release|Any CPU.ActiveCfg = Release|Any CPU
		{CAA1EF60-254B-40ED-9BA2-113F098B3EFA}.Release|Any CPU.Build.0 = Release|Any CPU
	EndGlobalSection
EndGlobal
